// !$*UTF8*$!
{
	archiveVersion = 1;
	classes = {
	};
	objectVersion = 46;
	objects = {

/* Begin PBXBuildFile section */
		D82ECD831CD6BE0F00D19E19 /* PokeCell.swift in Sources */ = {isa = PBXBuildFile; fileRef = D82ECD821CD6BE0F00D19E19 /* PokeCell.swift */; };
		D82ECD851CD6CFCE00D19E19 /* csv.swift in Sources */ = {isa = PBXBuildFile; fileRef = D82ECD841CD6CFCE00D19E19 /* csv.swift */; };
		D82ECD881CD6D9D300D19E19 /* Pokemon_Solid.ttf in Resources */ = {isa = PBXBuildFile; fileRef = D82ECD871CD6D9D300D19E19 /* Pokemon_Solid.ttf */; };
		D82ECD8A1CD6DFBF00D19E19 /* music.mp3 in Resources */ = {isa = PBXBuildFile; fileRef = D82ECD891CD6DFBF00D19E19 /* music.mp3 */; };
		D85493B41CD69ED0002644DA /* AppDelegate.swift in Sources */ = {isa = PBXBuildFile; fileRef = D85493B31CD69ED0002644DA /* AppDelegate.swift */; };
		D85493B61CD69ED0002644DA /* ViewController.swift in Sources */ = {isa = PBXBuildFile; fileRef = D85493B51CD69ED0002644DA /* ViewController.swift */; };
		D85493B91CD69ED0002644DA /* Main.storyboard in Resources */ = {isa = PBXBuildFile; fileRef = D85493B71CD69ED0002644DA /* Main.storyboard */; };
		D85493BB1CD69ED0002644DA /* Assets.xcassets in Resources */ = {isa = PBXBuildFile; fileRef = D85493BA1CD69ED0002644DA /* Assets.xcassets */; };
		D85493BE1CD69ED0002644DA /* LaunchScreen.storyboard in Resources */ = {isa = PBXBuildFile; fileRef = D85493BC1CD69ED0002644DA /* LaunchScreen.storyboard */; };
		D85493CB1CD6A088002644DA /* pokemon.csv in Resources */ = {isa = PBXBuildFile; fileRef = D85493CA1CD6A088002644DA /* pokemon.csv */; };
		D85493CD1CD6ABD6002644DA /* Pokemon.swift in Sources */ = {isa = PBXBuildFile; fileRef = D85493CC1CD6ABD6002644DA /* Pokemon.swift */; };
/* End PBXBuildFile section */

/* Begin PBXFileReference section */
		D82ECD821CD6BE0F00D19E19 /* PokeCell.swift */ = {isa = PBXFileReference; fileEncoding = 4; lastKnownFileType = sourcecode.swift; path = PokeCell.swift; sourceTree = "<group>"; };
		D82ECD841CD6CFCE00D19E19 /* csv.swift */ = {isa = PBXFileReference; fileEncoding = 4; lastKnownFileType = sourcecode.swift; path = csv.swift; sourceTree = "<group>"; };
		D82ECD871CD6D9D300D19E19 /* Pokemon_Solid.ttf */ = {isa = PBXFileReference; lastKnownFileType = file; path = Pokemon_Solid.ttf; sourceTree = "<group>"; };
		D82ECD891CD6DFBF00D19E19 /* music.mp3 */ = {isa = PBXFileReference; lastKnownFileType = audio.mp3; path = music.mp3; sourceTree = "<group>"; };
		D85493B01CD69ED0002644DA /* Pokedex.app */ = {isa = PBXFileReference; explicitFileType = wrapper.application; includeInIndex = 0; path = Pokedex.app; sourceTree = BUILT_PRODUCTS_DIR; };
		D85493B31CD69ED0002644DA /* AppDelegate.swift */ = {isa = PBXFileReference; lastKnownFileType = sourcecode.swift; path = AppDelegate.swift; sourceTree = "<group>"; };
		D85493B51CD69ED0002644DA /* ViewController.swift */ = {isa = PBXFileReference; lastKnownFileType = sourcecode.swift; path = ViewController.swift; sourceTree = "<group>"; };
		D85493B81CD69ED0002644DA /* Base */ = {isa = PBXFileReference; lastKnownFileType = file.storyboard; name = Base; path = Base.lproj/Main.storyboard; sourceTree = "<group>"; };
		D85493BA1CD69ED0002644DA /* Assets.xcassets */ = {isa = PBXFileReference; lastKnownFileType = folder.assetcatalog; path = Assets.xcassets; sourceTree = "<group>"; };
		D85493BD1CD69ED0002644DA /* Base */ = {isa = PBXFileReference; lastKnownFileType = file.storyboard; name = Base; path = Base.lproj/LaunchScreen.storyboard; sourceTree = "<group>"; };
		D85493BF1CD69ED0002644DA /* Info.plist */ = {isa = PBXFileReference; lastKnownFileType = text.plist.xml; path = Info.plist; sourceTree = "<group>"; };
		D85493CA1CD6A088002644DA /* pokemon.csv */ = {isa = PBXFileReference; fileEncoding = 4; lastKnownFileType = text; path = pokemon.csv; sourceTree = "<group>"; };
		D85493CC1CD6ABD6002644DA /* Pokemon.swift */ = {isa = PBXFileReference; fileEncoding = 4; lastKnownFileType = sourcecode.swift; path = Pokemon.swift; sourceTree = "<group>"; };
/* End PBXFileReference section */

/* Begin PBXFrameworksBuildPhase section */
		D85493AD1CD69ED0002644DA /* Frameworks */ = {
			isa = PBXFrameworksBuildPhase;
			buildActionMask = 2147483647;
			files = (
			);
			runOnlyForDeploymentPostprocessing = 0;
		};
/* End PBXFrameworksBuildPhase section */

/* Begin PBXGroup section */
		D85493A71CD69ED0002644DA = {
			isa = PBXGroup;
			children = (
				D85493B21CD69ED0002644DA /* Pokedex */,
				D85493B11CD69ED0002644DA /* Products */,
			);
			sourceTree = "<group>";
		};
		D85493B11CD69ED0002644DA /* Products */ = {
			isa = PBXGroup;
			children = (
				D85493B01CD69ED0002644DA /* Pokedex.app */,
			);
			name = Products;
			sourceTree = "<group>";
		};
		D85493B21CD69ED0002644DA /* Pokedex */ = {
			isa = PBXGroup;
			children = (
				D85493C91CD6A06F002644DA /* Supporting files */,
				D85493C71CD6A05E002644DA /* Model */,
				D85493C61CD6A058002644DA /* View */,
				D85493C51CD6A050002644DA /* Controller */,
				D85493C81CD6A066002644DA /* Utilities */,
				D85493B31CD69ED0002644DA /* AppDelegate.swift */,
				D85493B71CD69ED0002644DA /* Main.storyboard */,
				D85493BA1CD69ED0002644DA /* Assets.xcassets */,
				D85493BC1CD69ED0002644DA /* LaunchScreen.storyboard */,
				D85493BF1CD69ED0002644DA /* Info.plist */,
			);
			path = Pokedex;
			sourceTree = "<group>";
		};
		D85493C51CD6A050002644DA /* Controller */ = {
			isa = PBXGroup;
			children = (
				D85493B51CD69ED0002644DA /* ViewController.swift */,
			);
			name = Controller;
			sourceTree = "<group>";
		};
		D85493C61CD6A058002644DA /* View */ = {
			isa = PBXGroup;
			children = (
				D82ECD821CD6BE0F00D19E19 /* PokeCell.swift */,
			);
			name = View;
			sourceTree = "<group>";
		};
		D85493C71CD6A05E002644DA /* Model */ = {
			isa = PBXGroup;
			children = (
				D85493CC1CD6ABD6002644DA /* Pokemon.swift */,
			);
			name = Model;
			sourceTree = "<group>";
		};
		D85493C81CD6A066002644DA /* Utilities */ = {
			isa = PBXGroup;
			children = (
				D82ECD841CD6CFCE00D19E19 /* csv.swift */,
			);
			name = Utilities;
			sourceTree = "<group>";
		};
		D85493C91CD6A06F002644DA /* Supporting files */ = {
			isa = PBXGroup;
			children = (
				D82ECD891CD6DFBF00D19E19 /* music.mp3 */,
				D82ECD871CD6D9D300D19E19 /* Pokemon_Solid.ttf */,
				D85493CA1CD6A088002644DA /* pokemon.csv */,
			);
			name = "Supporting files";
			sourceTree = "<group>";
		};
/* End PBXGroup section */

/* Begin PBXNativeTarget section */
		D85493AF1CD69ED0002644DA /* Pokedex */ = {
			isa = PBXNativeTarget;
			buildConfigurationList = D85493C21CD69ED0002644DA /* Build configuration list for PBXNativeTarget "Pokedex" */;
			buildPhases = (
				D85493AC1CD69ED0002644DA /* Sources */,
				D85493AD1CD69ED0002644DA /* Frameworks */,
				D85493AE1CD69ED0002644DA /* Resources */,
			);
			buildRules = (
			);
			dependencies = (
			);
			name = Pokedex;
			productName = Pokedex;
			productReference = D85493B01CD69ED0002644DA /* Pokedex.app */;
			productType = "com.apple.product-type.application";
		};
/* End PBXNativeTarget section */

/* Begin PBXProject section */
		D85493A81CD69ED0002644DA /* Project object */ = {
			isa = PBXProject;
			attributes = {
				LastSwiftUpdateCheck = 0730;
				LastUpgradeCheck = 0730;
				ORGANIZATIONNAME = "Stéphane DEPOILLY";
				TargetAttributes = {
					D85493AF1CD69ED0002644DA = {
						CreatedOnToolsVersion = 7.3;
					};
				};
			};
			buildConfigurationList = D85493AB1CD69ED0002644DA /* Build configuration list for PBXProject "Pokedex" */;
			compatibilityVersion = "Xcode 3.2";
			developmentRegion = English;
			hasScannedForEncodings = 0;
			knownRegions = (
				en,
				Base,
			);
			mainGroup = D85493A71CD69ED0002644DA;
			productRefGroup = D85493B11CD69ED0002644DA /* Products */;
			projectDirPath = "";
			projectRoot = "";
			targets = (
				D85493AF1CD69ED0002644DA /* Pokedex */,
			);
		};
/* End PBXProject section */

/* Begin PBXResourcesBuildPhase section */
		D85493AE1CD69ED0002644DA /* Resources */ = {
			isa = PBXResourcesBuildPhase;
			buildActionMask = 2147483647;
			files = (
				D85493BE1CD69ED0002644DA /* LaunchScreen.storyboard in Resources */,
				D85493BB1CD69ED0002644DA /* Assets.xcassets in Resources */,
				D82ECD8A1CD6DFBF00D19E19 /* music.mp3 in Resources */,
				D85493CB1CD6A088002644DA /* pokemon.csv in Resources */,
				D85493B91CD69ED0002644DA /* Main.storyboard in Resources */,
				D82ECD881CD6D9D300D19E19 /* Pokemon_Solid.ttf in Resources */,
			);
			runOnlyForDeploymentPostprocessing = 0;
		};
/* End PBXResourcesBuildPhase section */

/* Begin PBXSourcesBuildPhase section */
		D85493AC1CD69ED0002644DA /* Sources */ = {
			isa = PBXSourcesBuildPhase;
			buildActionMask = 2147483647;
			files = (
				D82ECD831CD6BE0F00D19E19 /* PokeCell.swift in Sources */,
				D85493B61CD69ED0002644DA /* ViewController.swift in Sources */,
				D85493B41CD69ED0002644DA /* AppDelegate.swift in Sources */,
				D85493CD1CD6ABD6002644DA /* Pokemon.swift in Sources */,
				D82ECD851CD6CFCE00D19E19 /* csv.swift in Sources */,
			);
			runOnlyForDeploymentPostprocessing = 0;
		};
/* End PBXSourcesBuildPhase section */

/* Begin PBXVariantGroup section */
		D85493B71CD69ED0002644DA /* Main.storyboard */ = {
			isa = PBXVariantGroup;
			children = (
				D85493B81CD69ED0002644DA /* Base */,
			);
			name = Main.storyboard;
			sourceTree = "<group>";
		};
		D85493BC1CD69ED0002644DA /* LaunchScreen.storyboard */ = {
			isa = PBXVariantGroup;
			children = (
				D85493BD1CD69ED0002644DA /* Base */,
			);
			name = LaunchScreen.storyboard;
			sourceTree = "<group>";
		};
/* End PBXVariantGroup section */

/* Begin XCBuildConfiguration section */
		D85493C01CD69ED0002644DA /* Debug */ = {
			isa = XCBuildConfiguration;
			buildSettings = {
				ALWAYS_SEARCH_USER_PATHS = NO;
				CLANG_ANALYZER_NONNULL = YES;
				CLANG_CXX_LANGUAGE_STANDARD = "gnu++0x";
				CLANG_CXX_LIBRARY = "libc++";
				CLANG_ENABLE_MODULES = YES;
				CLANG_ENABLE_OBJC_ARC = YES;
				CLANG_WARN_BOOL_CONVERSION = YES;
				CLANG_WARN_CONSTANT_CONVERSION = YES;
				CLANG_WARN_DIRECT_OBJC_ISA_USAGE = YES_ERROR;
				CLANG_WARN_EMPTY_BODY = YES;
				CLANG_WARN_ENUM_CONVERSION = YES;
				CLANG_WARN_INT_CONVERSION = YES;
				CLANG_WARN_OBJC_ROOT_CLASS = YES_ERROR;
				CLANG_WARN_UNREACHABLE_CODE = YES;
				CLANG_WARN__DUPLICATE_METHOD_MATCH = YES;
				"CODE_SIGN_IDENTITY[sdk=iphoneos*]" = "iPhone Developer";
				COPY_PHASE_STRIP = NO;
				DEBUG_INFORMATION_FORMAT = dwarf;
				ENABLE_STRICT_OBJC_MSGSEND = YES;
				ENABLE_TESTABILITY = YES;
				GCC_C_LANGUAGE_STANDARD = gnu99;
				GCC_DYNAMIC_NO_PIC = NO;
				GCC_NO_COMMON_BLOCKS = YES;
				GCC_OPTIMIZATION_LEVEL = 0;
				GCC_PREPROCESSOR_DEFINITIONS = (
					"DEBUG=1",
					"$(inherited)",
				);
				GCC_WARN_64_TO_32_BIT_CONVERSION = YES;
				GCC_WARN_ABOUT_RETURN_TYPE = YES_ERROR;
				GCC_WARN_UNDECLARED_SELECTOR = YES;
				GCC_WARN_UNINITIALIZED_AUTOS = YES_AGGRESSIVE;
				GCC_WARN_UNUSED_FUNCTION = YES;
				GCC_WARN_UNUSED_VARIABLE = YES;
				IPHONEOS_DEPLOYMENT_TARGET = 9.3;
				MTL_ENABLE_DEBUG_INFO = YES;
				ONLY_ACTIVE_ARCH = YES;
				SDKROOT = iphoneos;
				SWIFT_OPTIMIZATION_LEVEL = "-Onone";
				TARGETED_DEVICE_FAMILY = "1,2";
			};
			name = Debug;
		};
		D85493C11CD69ED0002644DA /* Release */ = {
			isa = XCBuildConfiguration;
			buildSettings = {
				ALWAYS_SEARCH_USER_PATHS = NO;
				CLANG_ANALYZER_NONNULL = YES;
				CLANG_CXX_LANGUAGE_STANDARD = "gnu++0x";
				CLANG_CXX_LIBRARY = "libc++";
				CLANG_ENABLE_MODULES = YES;
				CLANG_ENABLE_OBJC_ARC = YES;
				CLANG_WARN_BOOL_CONVERSION = YES;
				CLANG_WARN_CONSTANT_CONVERSION = YES;
				CLANG_WARN_DIRECT_OBJC_ISA_USAGE = YES_ERROR;
				CLANG_WARN_EMPTY_BODY = YES;
				CLANG_WARN_ENUM_CONVERSION = YES;
				CLANG_WARN_INT_CONVERSION = YES;
				CLANG_WARN_OBJC_ROOT_CLASS = YES_ERROR;
				CLANG_WARN_UNREACHABLE_CODE = YES;
				CLANG_WARN__DUPLICATE_METHOD_MATCH = YES;
				"CODE_SIGN_IDENTITY[sdk=iphoneos*]" = "iPhone Developer";
				COPY_PHASE_STRIP = NO;
				DEBUG_INFORMATION_FORMAT = "dwarf-with-dsym";
				ENABLE_NS_ASSERTIONS = NO;
				ENABLE_STRICT_OBJC_MSGSEND = YES;
				GCC_C_LANGUAGE_STANDARD = gnu99;
				GCC_NO_COMMON_BLOCKS = YES;
				GCC_WARN_64_TO_32_BIT_CONVERSION = YES;
				GCC_WARN_ABOUT_RETURN_TYPE = YES_ERROR;
				GCC_WARN_UNDECLARED_SELECTOR = YES;
				GCC_WARN_UNINITIALIZED_AUTOS = YES_AGGRESSIVE;
				GCC_WARN_UNUSED_FUNCTION = YES;
				GCC_WARN_UNUSED_VARIABLE = YES;
				IPHONEOS_DEPLOYMENT_TARGET = 9.3;
				MTL_ENABLE_DEBUG_INFO = NO;
				SDKROOT = iphoneos;
				TARGETED_DEVICE_FAMILY = "1,2";
				VALIDATE_PRODUCT = YES;
			};
			name = Release;
		};
		D85493C31CD69ED0002644DA /* Debug */ = {
			isa = XCBuildConfiguration;
			buildSettings = {
				ASSETCATALOG_COMPILER_APPICON_NAME = AppIcon;
				INFOPLIST_FILE = Pokedex/Info.plist;
				LD_RUNPATH_SEARCH_PATHS = "$(inherited) @executable_path/Frameworks";
				PRODUCT_BUNDLE_IDENTIFIER = com.stephanedepoilly.Pokedex;
				PRODUCT_NAME = "$(TARGET_NAME)";
			};
			name = Debug;
		};
		D85493C41CD69ED0002644DA /* Release */ = {
			isa = XCBuildConfiguration;
			buildSettings = {
				ASSETCATALOG_COMPILER_APPICON_NAME = AppIcon;
				INFOPLIST_FILE = Pokedex/Info.plist;
				LD_RUNPATH_SEARCH_PATHS = "$(inherited) @executable_path/Frameworks";
				PRODUCT_BUNDLE_IDENTIFIER = com.stephanedepoilly.Pokedex;
				PRODUCT_NAME = "$(TARGET_NAME)";
			};
			name = Release;
		};
/* End XCBuildConfiguration section */

/* Begin XCConfigurationList section */
		D85493AB1CD69ED0002644DA /* Build configuration list for PBXProject "Pokedex" */ = {
			isa = XCConfigurationList;
			buildConfigurations = (
				D85493C01CD69ED0002644DA /* Debug */,
				D85493C11CD69ED0002644DA /* Release */,
			);
			defaultConfigurationIsVisible = 0;
			defaultConfigurationName = Release;
		};
		D85493C21CD69ED0002644DA /* Build configuration list for PBXNativeTarget "Pokedex" */ = {
			isa = XCConfigurationList;
			buildConfigurations = (
				D85493C31CD69ED0002644DA /* Debug */,
				D85493C41CD69ED0002644DA /* Release */,
			);
			defaultConfigurationIsVisible = 0;
			defaultConfigurationName = Release;
		};
/* End XCConfigurationList section */
	};
	rootObject = D85493A81CD69ED0002644DA /* Project object */;
}
